{
  "name": "my_widget_service",
  "version": "0.1.0",
  "lockfileVersion": 1,
  "requires": true,
  "dependencies": {
    "@aws-cdk/assets": {
      "version": "0.36.0",
      "resolved": "https://registry.npmjs.org/@aws-cdk/assets/-/assets-0.36.0.tgz",
      "integrity": "sha512-hqb3wGnwgsJAtcWzzvu4CmPAMZpbyyj8zkEnqxWUI0LkZGJlC6Yy6+La1CjpAxwOB3DkavcPp8+riNpVnn2pzQ==",
      "requires": {
        "@aws-cdk/core": "^0.36.0",
        "@aws-cdk/cx-api": "^0.36.0",
        "minimatch": "^3.0.4"
      },
      "dependencies": {
        "balanced-match": {
          "version": "1.0.0",
          "bundled": true
        },
        "brace-expansion": {
          "version": "1.1.11",
          "bundled": true,
          "requires": {
            "balanced-match": "^1.0.0",
            "concat-map": "0.0.1"
          }
        },
        "concat-map": {
          "version": "0.0.1",
          "bundled": true
        },
        "minimatch": {
          "version": "3.0.4",
          "bundled": true,
          "requires": {
            "brace-expansion": "^1.1.7"
          }
        }
      }
    },
    "@aws-cdk/aws-apigateway": {
      "version": "0.36.0",
      "resolved": "https://registry.npmjs.org/@aws-cdk/aws-apigateway/-/aws-apigateway-0.36.0.tgz",
      "integrity": "sha512-/BeE0R9K0a3FDzFInnpc0ZmBoadOoiVLnRINl8lSbZqBFGdAX0AQwxn1v4QniJpkoidyQ3uEjv70mq70rAJVFg==",
      "requires": {
        "@aws-cdk/aws-elasticloadbalancingv2": "^0.36.0",
        "@aws-cdk/aws-iam": "^0.36.0",
        "@aws-cdk/aws-lambda": "^0.36.0",
        "@aws-cdk/core": "^0.36.0"
      }
    },
    "@aws-cdk/aws-applicationautoscaling": {
      "version": "0.36.0",
      "resolved": "https://registry.npmjs.org/@aws-cdk/aws-applicationautoscaling/-/aws-applicationautoscaling-0.36.0.tgz",
      "integrity": "sha512-S0XvFsHe3IL2pwlGxj5RRt/L+YBMPZ2VPTKEIHOz5j1Dv/3N/5rzqY6/l3rmq191S8NCGBqgv0JXbRnqui/ugA==",
      "requires": {
        "@aws-cdk/aws-autoscaling-common": "^0.36.0",
        "@aws-cdk/aws-cloudwatch": "^0.36.0",
        "@aws-cdk/aws-iam": "^0.36.0",
        "@aws-cdk/core": "^0.36.0"
      }
    },
    "@aws-cdk/aws-autoscaling": {
      "version": "0.36.0",
      "resolved": "https://registry.npmjs.org/@aws-cdk/aws-autoscaling/-/aws-autoscaling-0.36.0.tgz",
      "integrity": "sha512-X1MyOgYhohaIjAGcWiY1etaMmPWpBQe5V5QflVVmkl6JlEQ7GfRCDh/ICg807jlCUHLgLzxhBzqgry93WYZnbw==",
      "requires": {
        "@aws-cdk/aws-autoscaling-common": "^0.36.0",
        "@aws-cdk/aws-cloudwatch": "^0.36.0",
        "@aws-cdk/aws-ec2": "^0.36.0",
        "@aws-cdk/aws-elasticloadbalancing": "^0.36.0",
        "@aws-cdk/aws-elasticloadbalancingv2": "^0.36.0",
        "@aws-cdk/aws-iam": "^0.36.0",
        "@aws-cdk/aws-sns": "^0.36.0",
        "@aws-cdk/core": "^0.36.0"
      }
    },
    "@aws-cdk/aws-autoscaling-common": {
      "version": "0.36.0",
      "resolved": "https://registry.npmjs.org/@aws-cdk/aws-autoscaling-common/-/aws-autoscaling-common-0.36.0.tgz",
      "integrity": "sha512-UIuPF9ojcjmviqn/W0j53UwTiu1B98HPihRALqyO4TVpJWIDGUH5QoFJEVZFE6O/xB1AeyaHUVNGwi1Iq+hc8w==",
      "requires": {
        "@aws-cdk/aws-iam": "^0.36.0",
        "@aws-cdk/core": "^0.36.0"
      }
    },
    "@aws-cdk/aws-autoscaling-hooktargets": {
      "version": "0.36.0",
      "resolved": "https://registry.npmjs.org/@aws-cdk/aws-autoscaling-hooktargets/-/aws-autoscaling-hooktargets-0.36.0.tgz",
      "integrity": "sha512-/Pkfk4CErhigorOkXVtgOFSl0gppQhRYcFIKxXK1L4LO5bTQCBQz88raGDaIpx6LnwjqSSYOj/UkEPfn5IAHPQ==",
      "requires": {
        "@aws-cdk/aws-autoscaling": "^0.36.0",
        "@aws-cdk/aws-iam": "^0.36.0",
        "@aws-cdk/aws-lambda": "^0.36.0",
        "@aws-cdk/aws-sns": "^0.36.0",
        "@aws-cdk/aws-sns-subscriptions": "^0.36.0",
        "@aws-cdk/aws-sqs": "^0.36.0",
        "@aws-cdk/core": "^0.36.0"
      }
    },
    "@aws-cdk/aws-certificatemanager": {
      "version": "0.36.0",
      "resolved": "https://registry.npmjs.org/@aws-cdk/aws-certificatemanager/-/aws-certificatemanager-0.36.0.tgz",
      "integrity": "sha512-A5v8Wn2RXR0TauKldZoAPPC9IvsbT9eUDvZ1CqlxOd8r0Y8PzW+8Df1lFqg2jCDw/FF1Nsss0v/JnHLHusfU3w==",
      "requires": {
        "@aws-cdk/aws-cloudformation": "^0.36.0",
        "@aws-cdk/aws-iam": "^0.36.0",
        "@aws-cdk/aws-lambda": "^0.36.0",
        "@aws-cdk/aws-route53": "^0.36.0",
        "@aws-cdk/core": "^0.36.0"
      }
    },
    "@aws-cdk/aws-cloudformation": {
      "version": "0.36.0",
      "resolved": "https://registry.npmjs.org/@aws-cdk/aws-cloudformation/-/aws-cloudformation-0.36.0.tgz",
      "integrity": "sha512-rX5gC0Jhnx04tHnKgJ19waN23+dr8EM3l9bE1Npa4W9ab+5qmrCMJJGyoQRB/mKzdf+j2qxoP4MiBUdLOXG5Iw==",
      "requires": {
        "@aws-cdk/aws-iam": "^0.36.0",
        "@aws-cdk/aws-lambda": "^0.36.0",
        "@aws-cdk/aws-sns": "^0.36.0",
        "@aws-cdk/core": "^0.36.0"
      }
    },
    "@aws-cdk/aws-cloudfront": {
      "version": "0.36.0",
      "resolved": "https://registry.npmjs.org/@aws-cdk/aws-cloudfront/-/aws-cloudfront-0.36.0.tgz",
      "integrity": "sha512-Z0rjSqO4DlS0qbsG2qFTXFBNJrsFKnEU4ZMKRiJqU5eN6qPzogpt4FAy0fBMaaO4fY2IyNRGJxQeOp6CAxlPkA==",
      "requires": {
        "@aws-cdk/aws-certificatemanager": "^0.36.0",
        "@aws-cdk/aws-iam": "^0.36.0",
        "@aws-cdk/aws-kms": "^0.36.0",
        "@aws-cdk/aws-lambda": "^0.36.0",
        "@aws-cdk/aws-s3": "^0.36.0",
        "@aws-cdk/core": "^0.36.0"
      }
    },
    "@aws-cdk/aws-cloudwatch": {
      "version": "0.36.0",
      "resolved": "https://registry.npmjs.org/@aws-cdk/aws-cloudwatch/-/aws-cloudwatch-0.36.0.tgz",
      "integrity": "sha512-nWuGnK24/9A+rVJw+RiVGUklzS1+7kXi7I2rqojH0iPU/6qrcd4IEHpRAx/1eKYbMnI0KJMDQOw2mEGWuYss9g==",
      "requires": {
        "@aws-cdk/aws-iam": "^0.36.0",
        "@aws-cdk/core": "^0.36.0"
      }
    },
    "@aws-cdk/aws-codebuild": {
      "version": "0.36.0",
      "resolved": "https://registry.npmjs.org/@aws-cdk/aws-codebuild/-/aws-codebuild-0.36.0.tgz",
      "integrity": "sha512-DzzrZAlQc2CK1HME/jNpxv7WSDg/ANvCCCxN7RUruVPttY/eGQQAZE2g8bs5uLJiSicQskmxq1U+dAcgcYXpSg==",
      "requires": {
        "@aws-cdk/assets": "^0.36.0",
        "@aws-cdk/aws-cloudwatch": "^0.36.0",
        "@aws-cdk/aws-codecommit": "^0.36.0",
        "@aws-cdk/aws-ec2": "^0.36.0",
        "@aws-cdk/aws-ecr": "^0.36.0",
        "@aws-cdk/aws-ecr-assets": "^0.36.0",
        "@aws-cdk/aws-events": "^0.36.0",
        "@aws-cdk/aws-iam": "^0.36.0",
        "@aws-cdk/aws-kms": "^0.36.0",
        "@aws-cdk/aws-s3": "^0.36.0",
        "@aws-cdk/aws-s3-assets": "^0.36.0",
        "@aws-cdk/core": "^0.36.0"
      }
    },
    "@aws-cdk/aws-codecommit": {
      "version": "0.36.0",
      "resolved": "https://registry.npmjs.org/@aws-cdk/aws-codecommit/-/aws-codecommit-0.36.0.tgz",
      "integrity": "sha512-y6eIa39X0z5aI6Wg7Hjn38HUi8NCSE6A8+GZTxsO+FWtNxj9r1wDuHHON5In6Wb5sGvp+bYiW9dPVIULPysxUQ==",
      "requires": {
        "@aws-cdk/aws-events": "^0.36.0",
        "@aws-cdk/aws-iam": "^0.36.0",
        "@aws-cdk/core": "^0.36.0"
      }
    },
    "@aws-cdk/aws-codedeploy": {
      "version": "0.36.0",
      "resolved": "https://registry.npmjs.org/@aws-cdk/aws-codedeploy/-/aws-codedeploy-0.36.0.tgz",
      "integrity": "sha512-m8tFGajSXg9wAWvx8nn6ve2kw7mBPBZsG2UeNsIYrvvGOcBL1YzvBzNb97IoPSZNgHdHf3dOkvfBYorlbT6J/A==",
      "requires": {
        "@aws-cdk/aws-autoscaling": "^0.36.0",
        "@aws-cdk/aws-cloudwatch": "^0.36.0",
        "@aws-cdk/aws-elasticloadbalancing": "^0.36.0",
        "@aws-cdk/aws-elasticloadbalancingv2": "^0.36.0",
        "@aws-cdk/aws-iam": "^0.36.0",
        "@aws-cdk/aws-lambda": "^0.36.0",
        "@aws-cdk/aws-s3": "^0.36.0",
        "@aws-cdk/core": "^0.36.0"
      }
    },
    "@aws-cdk/aws-codepipeline": {
      "version": "0.36.0",
      "resolved": "https://registry.npmjs.org/@aws-cdk/aws-codepipeline/-/aws-codepipeline-0.36.0.tgz",
      "integrity": "sha512-/HW2+nhqTzeIk64JGH3VqEnuiN+Vll9uzbt+LXHieMMl5Tf/Aw+12rhEEncZnQrx2V9y+on0ODGJ7yHe56JwMw==",
      "requires": {
        "@aws-cdk/aws-events": "^0.36.0",
        "@aws-cdk/aws-iam": "^0.36.0",
        "@aws-cdk/aws-kms": "^0.36.0",
        "@aws-cdk/aws-s3": "^0.36.0",
        "@aws-cdk/core": "^0.36.0"
      }
    },
    "@aws-cdk/aws-codepipeline-actions": {
      "version": "0.36.0",
      "resolved": "https://registry.npmjs.org/@aws-cdk/aws-codepipeline-actions/-/aws-codepipeline-actions-0.36.0.tgz",
      "integrity": "sha512-YG/x2eGCfIZBC/JfoVyxW1YLi/sAPhseGr9usLJopSFj9LKi09IvN/VlAWow1W+0Y7xCC6dnIstjv3R/QpaGvQ==",
      "requires": {
        "@aws-cdk/aws-cloudformation": "^0.36.0",
        "@aws-cdk/aws-codebuild": "^0.36.0",
        "@aws-cdk/aws-codecommit": "^0.36.0",
        "@aws-cdk/aws-codedeploy": "^0.36.0",
        "@aws-cdk/aws-codepipeline": "^0.36.0",
        "@aws-cdk/aws-ec2": "^0.36.0",
        "@aws-cdk/aws-ecr": "^0.36.0",
        "@aws-cdk/aws-ecs": "^0.36.0",
        "@aws-cdk/aws-events": "^0.36.0",
        "@aws-cdk/aws-events-targets": "^0.36.0",
        "@aws-cdk/aws-iam": "^0.36.0",
        "@aws-cdk/aws-lambda": "^0.36.0",
        "@aws-cdk/aws-s3": "^0.36.0",
        "@aws-cdk/aws-sns": "^0.36.0",
        "@aws-cdk/aws-sns-subscriptions": "^0.36.0",
        "@aws-cdk/core": "^0.36.0"
      }
    },
    "@aws-cdk/aws-ec2": {
      "version": "0.36.0",
      "resolved": "https://registry.npmjs.org/@aws-cdk/aws-ec2/-/aws-ec2-0.36.0.tgz",
      "integrity": "sha512-/eDBrUpBS6SyIjLH1fHPJ1N+2qk2YrhCLcqIzU2vVPBwSlvYj3A6K+2gONcvpMRht1dK+pxYyOhwjFJYZ472Mw==",
      "requires": {
        "@aws-cdk/aws-cloudwatch": "^0.36.0",
        "@aws-cdk/aws-iam": "^0.36.0",
        "@aws-cdk/aws-ssm": "^0.36.0",
        "@aws-cdk/core": "^0.36.0",
        "@aws-cdk/cx-api": "^0.36.0"
      }
    },
    "@aws-cdk/aws-ecr": {
      "version": "0.36.0",
      "resolved": "https://registry.npmjs.org/@aws-cdk/aws-ecr/-/aws-ecr-0.36.0.tgz",
      "integrity": "sha512-25miz74k1HrmJ3h9lGXsSt5ql37rVANIQT7Lpis1F67oe/teBTppEO2ShKI5TDeyI5j++uMUF8XfWACfe/k93g==",
      "requires": {
        "@aws-cdk/aws-events": "^0.36.0",
        "@aws-cdk/aws-iam": "^0.36.0",
        "@aws-cdk/core": "^0.36.0"
      }
    },
    "@aws-cdk/aws-ecr-assets": {
      "version": "0.36.0",
      "resolved": "https://registry.npmjs.org/@aws-cdk/aws-ecr-assets/-/aws-ecr-assets-0.36.0.tgz",
      "integrity": "sha512-9alcq59rYIs5iN1zEqWx+vG7pkir4im7MeGdGX7674ut3501Usa7XAQe0FWGXWTdhz1gVfahjx5H918L9+IdSg==",
      "requires": {
        "@aws-cdk/assets": "^0.36.0",
        "@aws-cdk/aws-cloudformation": "^0.36.0",
        "@aws-cdk/aws-ecr": "^0.36.0",
        "@aws-cdk/aws-iam": "^0.36.0",
        "@aws-cdk/aws-lambda": "^0.36.0",
        "@aws-cdk/aws-s3": "^0.36.0",
        "@aws-cdk/core": "^0.36.0",
        "@aws-cdk/cx-api": "^0.36.0"
      }
    },
    "@aws-cdk/aws-ecs": {
      "version": "0.36.0",
      "resolved": "https://registry.npmjs.org/@aws-cdk/aws-ecs/-/aws-ecs-0.36.0.tgz",
      "integrity": "sha512-+xQgqNPMtqGdwiEQI7s80FsnwWmpgXdfioY+Kg2zwC8U528qeq6SlUz7jvVqxl6/BME7HaBmNZeUIJ02RYw9yg==",
      "requires": {
        "@aws-cdk/aws-applicationautoscaling": "^0.36.0",
        "@aws-cdk/aws-autoscaling": "^0.36.0",
        "@aws-cdk/aws-autoscaling-hooktargets": "^0.36.0",
        "@aws-cdk/aws-certificatemanager": "^0.36.0",
        "@aws-cdk/aws-cloudformation": "^0.36.0",
        "@aws-cdk/aws-cloudwatch": "^0.36.0",
        "@aws-cdk/aws-ec2": "^0.36.0",
        "@aws-cdk/aws-ecr": "^0.36.0",
        "@aws-cdk/aws-ecr-assets": "^0.36.0",
        "@aws-cdk/aws-elasticloadbalancing": "^0.36.0",
        "@aws-cdk/aws-elasticloadbalancingv2": "^0.36.0",
        "@aws-cdk/aws-iam": "^0.36.0",
        "@aws-cdk/aws-lambda": "^0.36.0",
        "@aws-cdk/aws-logs": "^0.36.0",
        "@aws-cdk/aws-route53": "^0.36.0",
        "@aws-cdk/aws-route53-targets": "^0.36.0",
        "@aws-cdk/aws-secretsmanager": "^0.36.0",
        "@aws-cdk/aws-servicediscovery": "^0.36.0",
        "@aws-cdk/aws-sns": "^0.36.0",
        "@aws-cdk/aws-sqs": "^0.36.0",
        "@aws-cdk/aws-ssm": "^0.36.0",
        "@aws-cdk/core": "^0.36.0",
        "@aws-cdk/cx-api": "^0.36.0"
      }
    },
    "@aws-cdk/aws-elasticloadbalancing": {
      "version": "0.36.0",
      "resolved": "https://registry.npmjs.org/@aws-cdk/aws-elasticloadbalancing/-/aws-elasticloadbalancing-0.36.0.tgz",
      "integrity": "sha512-Na/0fzHBWgmtOhipDtBjwktmW/HgM2JDzZbzeAV/3vilAReydJqKPGqeMC84H2uOWsHx3v7p7KlpOIjjt9Qglw==",
      "requires": {
        "@aws-cdk/aws-ec2": "^0.36.0",
        "@aws-cdk/core": "^0.36.0"
      }
    },
    "@aws-cdk/aws-elasticloadbalancingv2": {
      "version": "0.36.0",
      "resolved": "https://registry.npmjs.org/@aws-cdk/aws-elasticloadbalancingv2/-/aws-elasticloadbalancingv2-0.36.0.tgz",
      "integrity": "sha512-Zwu6bK4D6R1RuUdfoDqtHq5zT7Z3tfHvfJD2F1dUQo1l9MhxEog2aKHpkLEDQQYfrAjSGVRjHpdVibgZYx1rGw==",
      "requires": {
        "@aws-cdk/aws-certificatemanager": "^0.36.0",
        "@aws-cdk/aws-cloudwatch": "^0.36.0",
        "@aws-cdk/aws-ec2": "^0.36.0",
        "@aws-cdk/aws-iam": "^0.36.0",
        "@aws-cdk/aws-s3": "^0.36.0",
        "@aws-cdk/core": "^0.36.0"
      }
    },
    "@aws-cdk/aws-events": {
      "version": "0.36.0",
      "resolved": "https://registry.npmjs.org/@aws-cdk/aws-events/-/aws-events-0.36.0.tgz",
      "integrity": "sha512-8HpgNCt1OXcPX27oWrXZ4SdJWpd6OTqmO2EvwlCUm5wJkDih+eeM6HFfNw6tPEj7qosM8L6to5AyxN4vnplnLw==",
      "requires": {
        "@aws-cdk/aws-iam": "^0.36.0",
        "@aws-cdk/core": "^0.36.0"
      }
    },
    "@aws-cdk/aws-events-targets": {
      "version": "0.36.0",
      "resolved": "https://registry.npmjs.org/@aws-cdk/aws-events-targets/-/aws-events-targets-0.36.0.tgz",
      "integrity": "sha512-Sw8V5EUnbVtAkWddZu1Bu7DQhQX6nA2gvBMlyQG391ghmxxD9QWMliLo7jTGnaYrG7GDdZ9ajr4yEV2b8BbrsQ==",
      "requires": {
        "@aws-cdk/aws-cloudformation": "^0.36.0",
        "@aws-cdk/aws-codebuild": "^0.36.0",
        "@aws-cdk/aws-codepipeline": "^0.36.0",
        "@aws-cdk/aws-ec2": "^0.36.0",
        "@aws-cdk/aws-ecs": "^0.36.0",
        "@aws-cdk/aws-events": "^0.36.0",
        "@aws-cdk/aws-iam": "^0.36.0",
        "@aws-cdk/aws-lambda": "^0.36.0",
        "@aws-cdk/aws-sns": "^0.36.0",
        "@aws-cdk/aws-sns-subscriptions": "^0.36.0",
        "@aws-cdk/aws-sqs": "^0.36.0",
        "@aws-cdk/aws-stepfunctions": "^0.36.0",
        "@aws-cdk/core": "^0.36.0",
        "@aws-cdk/custom-resources": "^0.36.0"
      }
    },
    "@aws-cdk/aws-iam": {
      "version": "0.36.0",
      "resolved": "https://registry.npmjs.org/@aws-cdk/aws-iam/-/aws-iam-0.36.0.tgz",
      "integrity": "sha512-yXb8hVeJPC7pWi4A/UIf9dSm+VRZkGRkrLeM61cSjZOL9ulbz4MHqeS9YIL5ELqIKv0VzJmTuQLIWXO2dc4wAw==",
      "requires": {
        "@aws-cdk/core": "^0.36.0",
        "@aws-cdk/region-info": "^0.36.0"
      }
    },
    "@aws-cdk/aws-kms": {
      "version": "0.36.0",
      "resolved": "https://registry.npmjs.org/@aws-cdk/aws-kms/-/aws-kms-0.36.0.tgz",
      "integrity": "sha512-09ubtkI7MxjwmtbuMHzI79JIFwVaqAP0h60PShLYR7UAvKQYeumvk6//Ix8d40TNDxlNBe+QEATdbD2FSK9vTg==",
      "requires": {
        "@aws-cdk/aws-iam": "^0.36.0",
        "@aws-cdk/core": "^0.36.0"
      }
    },
    "@aws-cdk/aws-lambda": {
      "version": "0.36.0",
      "resolved": "https://registry.npmjs.org/@aws-cdk/aws-lambda/-/aws-lambda-0.36.0.tgz",
      "integrity": "sha512-MR28qP57gF29MxlBbnfhEAjPIYUp1mi7BUTGGD7zIwMd0LBpPafj85i1Q5ubc6ZDC1l155lWsY/JlDFSYCJytA==",
      "requires": {
        "@aws-cdk/aws-cloudwatch": "^0.36.0",
        "@aws-cdk/aws-ec2": "^0.36.0",
        "@aws-cdk/aws-events": "^0.36.0",
        "@aws-cdk/aws-iam": "^0.36.0",
        "@aws-cdk/aws-logs": "^0.36.0",
        "@aws-cdk/aws-s3": "^0.36.0",
        "@aws-cdk/aws-s3-assets": "^0.36.0",
        "@aws-cdk/aws-sqs": "^0.36.0",
        "@aws-cdk/core": "^0.36.0",
        "@aws-cdk/cx-api": "^0.36.0"
      }
    },
    "@aws-cdk/aws-logs": {
      "version": "0.36.0",
      "resolved": "https://registry.npmjs.org/@aws-cdk/aws-logs/-/aws-logs-0.36.0.tgz",
      "integrity": "sha512-1UhCuGgA9fGMCI0ILVbf6TnMDv5hcKk2cIfnEH31hVvXQyBB23GolcUmhqtQK2bwxprtgcgpYPGApY5BztVAmg==",
      "requires": {
        "@aws-cdk/aws-cloudwatch": "^0.36.0",
        "@aws-cdk/aws-iam": "^0.36.0",
        "@aws-cdk/core": "^0.36.0"
      }
    },
    "@aws-cdk/aws-route53": {
      "version": "0.36.0",
      "resolved": "https://registry.npmjs.org/@aws-cdk/aws-route53/-/aws-route53-0.36.0.tgz",
      "integrity": "sha512-pcM6caNgnaXSYi6x3PgH+DC4+pPYj1ZFzPvASUVKsnVQD7rWU0XebgeHTFveNCJxrHg9fQKp853UUf3p5SYz+Q==",
      "requires": {
        "@aws-cdk/aws-ec2": "^0.36.0",
        "@aws-cdk/aws-logs": "^0.36.0",
        "@aws-cdk/core": "^0.36.0",
        "@aws-cdk/cx-api": "^0.36.0"
      }
    },
    "@aws-cdk/aws-route53-targets": {
      "version": "0.36.0",
      "resolved": "https://registry.npmjs.org/@aws-cdk/aws-route53-targets/-/aws-route53-targets-0.36.0.tgz",
      "integrity": "sha512-vW7QV4R2JcJqXHT6xTC51GnC7Whq7b0XLcibw90wdQ+KGtYbMUK3RhSN5YjYGQNL4QO5AyfYrIrVRxc+pvZuFw==",
      "requires": {
        "@aws-cdk/aws-cloudfront": "^0.36.0",
        "@aws-cdk/aws-elasticloadbalancingv2": "^0.36.0",
        "@aws-cdk/aws-iam": "^0.36.0",
        "@aws-cdk/aws-route53": "^0.36.0",
        "@aws-cdk/core": "^0.36.0"
      }
    },
    "@aws-cdk/aws-s3": {
      "version": "0.36.0",
      "resolved": "https://registry.npmjs.org/@aws-cdk/aws-s3/-/aws-s3-0.36.0.tgz",
      "integrity": "sha512-c6ObcIZpui6o+gLLjDpNrBlPB0sDLQLUVEVVFyBGPgV/wUQnSHzNfTgtO5xR/oVTx7b58eU/hLlJ8DEJvcIEXA==",
      "requires": {
        "@aws-cdk/aws-events": "^0.36.0",
        "@aws-cdk/aws-iam": "^0.36.0",
        "@aws-cdk/aws-kms": "^0.36.0",
        "@aws-cdk/core": "^0.36.0"
      }
    },
    "@aws-cdk/aws-s3-assets": {
      "version": "0.36.0",
      "resolved": "https://registry.npmjs.org/@aws-cdk/aws-s3-assets/-/aws-s3-assets-0.36.0.tgz",
      "integrity": "sha512-McJHmtYaKzyp9kH3KazHX4YF0iklmp/ly91W3QrjWZ+Vsks3YiFcW3T9AbEF7VThGHR2BqvnRGol0Kc2ACatgA==",
      "requires": {
        "@aws-cdk/assets": "^0.36.0",
        "@aws-cdk/aws-iam": "^0.36.0",
        "@aws-cdk/aws-s3": "^0.36.0",
        "@aws-cdk/core": "^0.36.0",
        "@aws-cdk/cx-api": "^0.36.0"
      }
    },
    "@aws-cdk/aws-secretsmanager": {
      "version": "0.36.0",
      "resolved": "https://registry.npmjs.org/@aws-cdk/aws-secretsmanager/-/aws-secretsmanager-0.36.0.tgz",
      "integrity": "sha512-vvD0h+KiGr74tD6k9ykz8AKMmW7t7ryUFJV8fqmyId9BdStld98z9lwAXA8B1Ele91OGaA08LxS+TBZ5SDWzBQ==",
      "requires": {
        "@aws-cdk/aws-ec2": "^0.36.0",
        "@aws-cdk/aws-iam": "^0.36.0",
        "@aws-cdk/aws-kms": "^0.36.0",
        "@aws-cdk/aws-lambda": "^0.36.0",
        "@aws-cdk/core": "^0.36.0"
      }
    },
    "@aws-cdk/aws-servicediscovery": {
      "version": "0.36.0",
      "resolved": "https://registry.npmjs.org/@aws-cdk/aws-servicediscovery/-/aws-servicediscovery-0.36.0.tgz",
      "integrity": "sha512-Zdb5spM1vREaQroJSsO0wz2EVfJCgqemoFYKvpOnEoBv8aQuzEz/ufNLXG80+/hMWcWbNFqVgOTT6ZLoGLrvNg==",
      "requires": {
        "@aws-cdk/aws-ec2": "^0.36.0",
        "@aws-cdk/aws-elasticloadbalancingv2": "^0.36.0",
        "@aws-cdk/aws-route53": "^0.36.0",
        "@aws-cdk/core": "^0.36.0"
      }
    },
    "@aws-cdk/aws-sns": {
      "version": "0.36.0",
      "resolved": "https://registry.npmjs.org/@aws-cdk/aws-sns/-/aws-sns-0.36.0.tgz",
      "integrity": "sha512-TsSrseID7weI3pjBTvQYR9bVSA3a3LJcZhiW13ztagu0J3ntpgyoCLT0mbgdur2W+waQh/gFyWZOYle2VXs75w==",
      "requires": {
        "@aws-cdk/aws-cloudwatch": "^0.36.0",
        "@aws-cdk/aws-events": "^0.36.0",
        "@aws-cdk/aws-iam": "^0.36.0",
        "@aws-cdk/core": "^0.36.0"
      }
    },
    "@aws-cdk/aws-sns-subscriptions": {
      "version": "0.36.0",
      "resolved": "https://registry.npmjs.org/@aws-cdk/aws-sns-subscriptions/-/aws-sns-subscriptions-0.36.0.tgz",
      "integrity": "sha512-lyBb8SMK8NqWfo3uSVmFQu3D0QYqmNAYdzsaz5pUReFsNfjS0fR7B/MqreGiNjX1ww5XUv+Sbx4ehSemSaAhTg==",
      "requires": {
        "@aws-cdk/aws-iam": "^0.36.0",
        "@aws-cdk/aws-lambda": "^0.36.0",
        "@aws-cdk/aws-sns": "^0.36.0",
        "@aws-cdk/aws-sqs": "^0.36.0",
        "@aws-cdk/core": "^0.36.0"
      }
    },
    "@aws-cdk/aws-sqs": {
      "version": "0.36.0",
      "resolved": "https://registry.npmjs.org/@aws-cdk/aws-sqs/-/aws-sqs-0.36.0.tgz",
      "integrity": "sha512-Qb4SHgJUU4z9cg5O5IjKQUD7bSJjkO2ooBKg/N45k29Zkyn/3PEq7AgC3I3Fj7EmmeT0Gvnc1DXHdGnL+IBPvA==",
      "requires": {
        "@aws-cdk/aws-cloudwatch": "^0.36.0",
        "@aws-cdk/aws-iam": "^0.36.0",
        "@aws-cdk/aws-kms": "^0.36.0",
        "@aws-cdk/core": "^0.36.0"
      }
    },
    "@aws-cdk/aws-ssm": {
      "version": "0.36.0",
      "resolved": "https://registry.npmjs.org/@aws-cdk/aws-ssm/-/aws-ssm-0.36.0.tgz",
      "integrity": "sha512-/VaImBixUTDuRLuWnZZ7EcaSTgHtPjlQTpsD/Ay7iyxQ1X4MgntBpnAbTYYC/jY0YLelCE/sd/X3753RMRax3A==",
      "requires": {
        "@aws-cdk/aws-iam": "^0.36.0",
        "@aws-cdk/core": "^0.36.0",
        "@aws-cdk/cx-api": "^0.36.0"
      }
    },
    "@aws-cdk/aws-stepfunctions": {
      "version": "0.36.0",
      "resolved": "https://registry.npmjs.org/@aws-cdk/aws-stepfunctions/-/aws-stepfunctions-0.36.0.tgz",
      "integrity": "sha512-dMhGJs4pgxKewOHWxZe4sqmBXOVHax3Vh2Eb9cigLWg7VIV2/+ir79IcpaYZs0MCdeTTAgUNOBQuJxbbVp3z5A==",
      "requires": {
        "@aws-cdk/aws-cloudwatch": "^0.36.0",
        "@aws-cdk/aws-events": "^0.36.0",
        "@aws-cdk/aws-iam": "^0.36.0",
        "@aws-cdk/core": "^0.36.0"
      }
    },
    "@aws-cdk/core": {
      "version": "0.36.0",
      "resolved": "https://registry.npmjs.org/@aws-cdk/core/-/core-0.36.0.tgz",
      "integrity": "sha512-5oEVetyivHEJAA5NVozUy/kaLRL2nOYdklGIlSWdCrrYp7TZ75wDi3WYf6IKwCI5eUX3zylBgj91gn7OWQ+krg==",
      "requires": {
        "@aws-cdk/cx-api": "^0.36.0"
      }
    },
    "@aws-cdk/custom-resources": {
      "version": "0.36.0",
      "resolved": "https://registry.npmjs.org/@aws-cdk/custom-resources/-/custom-resources-0.36.0.tgz",
      "integrity": "sha512-cgLBo/lwQfDCNcrl4lM3FopJIkdrv/BcmnfK7s14iwD60Qz9NlzOolI5ppbr9DOdImjlbUYA/4VCGtOf1fPD3w==",
      "requires": {
        "@aws-cdk/aws-cloudformation": "^0.36.0",
        "@aws-cdk/aws-iam": "^0.36.0",
        "@aws-cdk/aws-lambda": "^0.36.0",
        "@aws-cdk/aws-sns": "^0.36.0",
        "@aws-cdk/core": "^0.36.0"
      }
    },
    "@aws-cdk/cx-api": {
      "version": "0.36.0",
      "resolved": "https://registry.npmjs.org/@aws-cdk/cx-api/-/cx-api-0.36.0.tgz",
      "integrity": "sha512-MWNqLbDAyWMLtlr1/E8i4ul9JwVtES7SNJSrM3J2hTiPYFsL7FEKoy6W0l8ooutPgNGyC8W4B08jNvBSbPnEWA==",
      "requires": {
        "semver": "^6.1.1"
      },
      "dependencies": {
        "semver": {
          "version": "6.1.1",
          "bundled": true
        }
      }
    },
    "@aws-cdk/region-info": {
      "version": "0.36.0",
      "resolved": "https://registry.npmjs.org/@aws-cdk/region-info/-/region-info-0.36.0.tgz",
      "integrity": "sha512-FyEr0lWs9SisTSpAGiAuxKFeAhImH2CQDeBoYgVoPLs7dlj9pfPHZhRjFV4IqwKV8gf4mGUCyXAQNOoMn11XfQ=="
    },
    "@types/node": {
      "version": "8.10.45",
      "resolved": "https://registry.npmjs.org/@types/node/-/node-8.10.45.tgz",
      "integrity": "sha512-tGVTbA+i3qfXsLbq9rEq/hezaHY55QxQLeXQL2ejNgFAxxrgu8eMmYIOsRcl7hN1uTLVsKOOYacV/rcJM3sfgQ==",
      "dev": true
    },
    "arg": {
      "version": "4.1.0",
      "resolved": "https://registry.npmjs.org/arg/-/arg-4.1.0.tgz",
      "integrity": "sha512-ZWc51jO3qegGkVh8Hwpv636EkbesNV5ZNQPCtRa+0qytRYPEs9IYT9qITY9buezqUH5uqyzlWLcufrzU2rffdg==",
      "dev": true
    },
    "aws-cdk": {
      "version": "2.43.1",
      "resolved": "https://registry.npmjs.org/aws-cdk/-/aws-cdk-2.43.1.tgz",
      "integrity": "sha512-Y+Pomc+LdQ14h+CvFZg+FeqcLpV8MJcoFhqcoOtGi0xC8CkdGAWH+MfIWcqePk7OVOMIzDJP2eBdd9te2CrjcQ==",
      "dev": true,
      "requires": {
        "fsevents": "2.3.2"
      }
    },
    "buffer-from": {
      "version": "1.1.1",
      "resolved": "https://registry.npmjs.org/buffer-from/-/buffer-from-1.1.1.tgz",
      "integrity": "sha512-MQcXEUbCKtEo7bhqEs6560Hyd4XaovZlO/k9V3hjVUF/zwW7KBVdSK4gIt/bzwS9MbR5qob+F5jusZsb0YQK2A=="
    },
    "diff": {
      "version": "4.0.1",
      "resolved": "https://registry.npmjs.org/diff/-/diff-4.0.1.tgz",
      "integrity": "sha512-s2+XdvhPCOF01LRQBC8hf4vhbVmI2CGS5aZnxLJlT5FtdhPCDFq80q++zK2KlrVorVDdL5BOGZ/VfLrVtYNF+Q==",
      "dev": true
    },
    "fsevents": {
      "version": "2.3.2",
      "resolved": "https://registry.npmjs.org/fsevents/-/fsevents-2.3.2.tgz",
      "integrity": "sha512-xiqMQR4xAeHTuB9uWm+fFRcIOgKBMiOBP+eXiyT7jsgVCq1bkVygt00oASowB7EdtpOHaaPgKt812P9ab+DDKA==",
      "dev": true,
      "optional": true
    },
    "make-error": {
      "version": "1.3.5",
      "resolved": "https://registry.npmjs.org/make-error/-/make-error-1.3.5.tgz",
      "integrity": "sha512-c3sIjNUow0+8swNwVpqoH4YCShKNFkMaw6oH1mNS2haDZQqkeZFlHS3dhoeEbKKmJB4vXpJucU6oH75aDYeE9g==",
      "dev": true
    },
    "source-map": {
      "version": "0.6.1",
      "resolved": "https://registry.npmjs.org/source-map/-/source-map-0.6.1.tgz",
      "integrity": "sha512-UjgapumWlbMhkBgzT7Ykc5YXUT46F0iKu8SGXq0bcwP5dz/h0Plj6enJqjz1Zbq2l5WaqYnrVbwWOWMyF3F47g=="
    },
    "source-map-support": {
      "version": "0.5.12",
      "resolved": "https://registry.npmjs.org/source-map-support/-/source-map-support-0.5.12.tgz",
      "integrity": "sha512-4h2Pbvyy15EE02G+JOZpUCmqWJuqrs+sEkzewTm++BPi7Hvn/HwcqLAcNxYAyI0x13CpPPn+kMjl+hplXMHITQ==",
      "requires": {
        "buffer-from": "^1.0.0",
        "source-map": "^0.6.0"
      }
    },
    "ts-node": {
      "version": "8.3.0",
      "resolved": "https://registry.npmjs.org/ts-node/-/ts-node-8.3.0.tgz",
      "integrity": "sha512-dyNS/RqyVTDcmNM4NIBAeDMpsAdaQ+ojdf0GOLqE6nwJOgzEkdRNzJywhDfwnuvB10oa6NLVG1rUJQCpRN7qoQ==",
      "dev": true,
      "requires": {
        "arg": "^4.1.0",
        "diff": "^4.0.1",
        "make-error": "^1.1.1",
        "source-map-support": "^0.5.6",
        "yn": "^3.0.0"
      }
    },
    "typescript": {
      "version": "3.5.2",
      "resolved": "https://registry.npmjs.org/typescript/-/typescript-3.5.2.tgz",
      "integrity": "sha512-7KxJovlYhTX5RaRbUdkAXN1KUZ8PwWlTzQdHV6xNqvuFOs7+WBo10TQUqT19Q/Jz2hk5v9TQDIhyLhhJY4p5AA==",
      "dev": true
    },
    "yn": {
      "version": "3.1.0",
      "resolved": "https://registry.npmjs.org/yn/-/yn-3.1.0.tgz",
      "integrity": "sha512-kKfnnYkbTfrAdd0xICNFw7Atm8nKpLcLv9AZGEt+kczL/WQVai4e2V6ZN8U/O+iI6WrNuJjNNOyu4zfhl9D3Hg==",
      "dev": true
    }
  }
}
